
Microsoft Visual Studio Solution File, Format Version 12.00
# Visual Studio 2012
Project("{FAE04EC0-301F-11D3-BF4B-00C04F79EFBC}") = "GIR.SIGIMGERENCIAL.Application.Service", "GIR.SIGIMGERENCIAL.Application.Service.csproj", "{579454A2-D988-4367-9316-44CE3AEC30E2}"
EndProject
Global
	GlobalSection(SolutionConfigurationPlatforms) = preSolution
		Debug|Any CPU = Debug|Any CPU
		Release|Any CPU = Release|Any CPU
	EndGlobalSection
	GlobalSection(ProjectConfigurationPlatforms) = postSolution
		{579454A2-D988-4367-9316-44CE3AEC30E2}.Debug|Any CPU.ActiveCfg = Debug|Any CPU
		{579454A2-D988-4367-9316-44CE3AEC30E2}.Debug|Any CPU.Build.0 = Debug|Any CPU
		{579454A2-D988-4367-9316-44CE3AEC30E2}.Release|Any CPU.ActiveCfg = Release|Any CPU
		{579454A2-D988-4367-9316-44CE3AEC30E2}.Release|Any CPU.Build.0 = Release|Any CPU
	EndGlobalSection
	GlobalSection(SolutionProperties) = preSolution
		HideSolutionNode = FALSE
	EndGlobalSection
EndGlobal
