
Microsoft Visual Studio Solution File, Format Version 12.00
# Visual Studio 2012
Project("{FAE04EC0-301F-11D3-BF4B-00C04F79EFBC}") = "GIR.SIGIMGERENCIAL.Presentation.WebUI", "GIR.SIGIMGERENCIAL.Presentation.WebUI\GIR.SIGIMGERENCIAL.Presentation.WebUI.csproj", "{1F2EF7F6-1A3E-45AE-BD50-048D03E0498B}"
EndProject
Project("{2150E333-8FDC-42A3-9474-1A3956D46DE8}") = "1 - Presentation", "1 - Presentation", "{CCA438D8-EF9D-49E8-87EB-5253F9255BCC}"
EndProject
Project("{2150E333-8FDC-42A3-9474-1A3956D46DE8}") = "2 - Application", "2 - Application", "{62CC7D20-F315-483E-BB9A-EFBBF7C3C594}"
EndProject
Project("{2150E333-8FDC-42A3-9474-1A3956D46DE8}") = "3 - Domain", "3 - Domain", "{618B600A-E0FE-4D49-910A-993B8216978D}"
EndProject
Project("{2150E333-8FDC-42A3-9474-1A3956D46DE8}") = "4 - Infrastructure", "4 - Infrastructure", "{20B4E55C-62AF-452C-A7F0-C2EF8FE43CBD}"
EndProject
Project("{FAE04EC0-301F-11D3-BF4B-00C04F79EFBC}") = "GIR.SIGIMGERENCIAL.Application", "GIR.SIGIMGERENCIAL.Application\GIR.SIGIMGERENCIAL.Application.csproj", "{8C6730FA-2C69-4843-B707-2070119B8DD8}"
EndProject
Project("{FAE04EC0-301F-11D3-BF4B-00C04F79EFBC}") = "GIR.SIGIMGERENCIAL.Domain", "GIR.SIGIMGERENCIAL.Domain\GIR.SIGIMGERENCIAL.Domain.csproj", "{528F33B2-7AAB-4090-AD84-635D1A1D502A}"
EndProject
Project("{2150E333-8FDC-42A3-9474-1A3956D46DE8}") = "Crosscutting", "Crosscutting", "{5F4D716A-BAF3-4AD5-B7C1-EBD8E42212F9}"
EndProject
Project("{FAE04EC0-301F-11D3-BF4B-00C04F79EFBC}") = "GIR.SIGIMGERENCIAL.Infrastructure.Crosscutting", "GIR.SIGIMGERENCIAL.Infrastructure.Crosscutting\GIR.SIGIMGERENCIAL.Infrastructure.Crosscutting.csproj", "{0546018C-D6FA-4EF8-BCBE-309A14E294B6}"
EndProject
Project("{FAE04EC0-301F-11D3-BF4B-00C04F79EFBC}") = "GIR.SIGIMGERENCIAL.Infrastructure.Crosscutting.Adapter", "GIR.SIGIMGERENCIAL.Infrastructure.Crosscutting.Adapter\GIR.SIGIMGERENCIAL.Infrastructure.Crosscutting.Adapter.csproj", "{1A80DD0B-CCD4-403E-8E56-2995B5F71B33}"
EndProject
Project("{FAE04EC0-301F-11D3-BF4B-00C04F79EFBC}") = "GIR.SIGIMGERENCIAL.Infrastructure.Crosscutting.IoC", "GIR.SIGIMGERENCIAL.Infrastructure.Crosscutting.IoC\GIR.SIGIMGERENCIAL.Infrastructure.Crosscutting.IoC.csproj", "{1D1D1286-2271-4DBC-A5E3-5733674C8230}"
EndProject
Project("{FAE04EC0-301F-11D3-BF4B-00C04F79EFBC}") = "GIR.SIGIMGERENCIAL.Infrastructure.Crosscutting.Security", "GIR.SIGIMGERENCIAL.Infrastructure.Crosscutting.Security\GIR.SIGIMGERENCIAL.Infrastructure.Crosscutting.Security.csproj", "{BBD66945-039C-468B-8E40-EDE93A8D6168}"
EndProject
Project("{FAE04EC0-301F-11D3-BF4B-00C04F79EFBC}") = "GIR.SIGIMGERENCIAL.Infrastructure.Crosscutting.Validato", "GIR.SIGIMGERENCIAL.Infrastructure.Crosscutting.Validato\GIR.SIGIMGERENCIAL.Infrastructure.Crosscutting.Validato.csproj", "{4B2E0046-91B8-43C0-B446-CA40C913E21C}"
EndProject
Project("{2150E333-8FDC-42A3-9474-1A3956D46DE8}") = "Data", "Data", "{2CF1715F-2AE6-496A-B7C2-1D908909C876}"
EndProject
Project("{FAE04EC0-301F-11D3-BF4B-00C04F79EFBC}") = "GIR.SIGIMGERENCIAL.Infrastructure.Data", "GIR.SIGIMGERENCIAL.Infrastructure.Data\GIR.SIGIMGERENCIAL.Infrastructure.Data.csproj", "{1A7D200C-1C66-4CCA-8BEC-3926B21B35DF}"
EndProject
Project("{FAE04EC0-301F-11D3-BF4B-00C04F79EFBC}") = "GIR.SIGIMGERENCIAL.Infrastructure.Data.Test", "GIR.SIGIMGERENCIAL.Infrastructure.Data.Test\GIR.SIGIMGERENCIAL.Infrastructure.Data.Test.csproj", "{F99D38E5-76FB-4F03-B814-6670E38F2434}"
EndProject
Project("{FAE04EC0-301F-11D3-BF4B-00C04F79EFBC}") = "GIR.SIGIMGERENCIAL.Application.Service", "GIR.SIGIMGERENCIAL.Application.Service\GIR.SIGIMGERENCIAL.Application.Service.csproj", "{91A457A7-B1E7-4088-AD95-1827FE0D6CAD}"
EndProject
Global
	GlobalSection(SolutionConfigurationPlatforms) = preSolution
		Debug|Any CPU = Debug|Any CPU
		Release|Any CPU = Release|Any CPU
	EndGlobalSection
	GlobalSection(ProjectConfigurationPlatforms) = postSolution
		{1F2EF7F6-1A3E-45AE-BD50-048D03E0498B}.Debug|Any CPU.ActiveCfg = Debug|Any CPU
		{1F2EF7F6-1A3E-45AE-BD50-048D03E0498B}.Debug|Any CPU.Build.0 = Debug|Any CPU
		{1F2EF7F6-1A3E-45AE-BD50-048D03E0498B}.Release|Any CPU.ActiveCfg = Release|Any CPU
		{1F2EF7F6-1A3E-45AE-BD50-048D03E0498B}.Release|Any CPU.Build.0 = Release|Any CPU
		{8C6730FA-2C69-4843-B707-2070119B8DD8}.Debug|Any CPU.ActiveCfg = Debug|Any CPU
		{8C6730FA-2C69-4843-B707-2070119B8DD8}.Debug|Any CPU.Build.0 = Debug|Any CPU
		{8C6730FA-2C69-4843-B707-2070119B8DD8}.Release|Any CPU.ActiveCfg = Release|Any CPU
		{8C6730FA-2C69-4843-B707-2070119B8DD8}.Release|Any CPU.Build.0 = Release|Any CPU
		{528F33B2-7AAB-4090-AD84-635D1A1D502A}.Debug|Any CPU.ActiveCfg = Debug|Any CPU
		{528F33B2-7AAB-4090-AD84-635D1A1D502A}.Debug|Any CPU.Build.0 = Debug|Any CPU
		{528F33B2-7AAB-4090-AD84-635D1A1D502A}.Release|Any CPU.ActiveCfg = Release|Any CPU
		{528F33B2-7AAB-4090-AD84-635D1A1D502A}.Release|Any CPU.Build.0 = Release|Any CPU
		{0546018C-D6FA-4EF8-BCBE-309A14E294B6}.Debug|Any CPU.ActiveCfg = Debug|Any CPU
		{0546018C-D6FA-4EF8-BCBE-309A14E294B6}.Debug|Any CPU.Build.0 = Debug|Any CPU
		{0546018C-D6FA-4EF8-BCBE-309A14E294B6}.Release|Any CPU.ActiveCfg = Release|Any CPU
		{0546018C-D6FA-4EF8-BCBE-309A14E294B6}.Release|Any CPU.Build.0 = Release|Any CPU
		{1A80DD0B-CCD4-403E-8E56-2995B5F71B33}.Debug|Any CPU.ActiveCfg = Debug|Any CPU
		{1A80DD0B-CCD4-403E-8E56-2995B5F71B33}.Debug|Any CPU.Build.0 = Debug|Any CPU
		{1A80DD0B-CCD4-403E-8E56-2995B5F71B33}.Release|Any CPU.ActiveCfg = Release|Any CPU
		{1A80DD0B-CCD4-403E-8E56-2995B5F71B33}.Release|Any CPU.Build.0 = Release|Any CPU
		{1D1D1286-2271-4DBC-A5E3-5733674C8230}.Debug|Any CPU.ActiveCfg = Debug|Any CPU
		{1D1D1286-2271-4DBC-A5E3-5733674C8230}.Debug|Any CPU.Build.0 = Debug|Any CPU
		{1D1D1286-2271-4DBC-A5E3-5733674C8230}.Release|Any CPU.ActiveCfg = Release|Any CPU
		{1D1D1286-2271-4DBC-A5E3-5733674C8230}.Release|Any CPU.Build.0 = Release|Any CPU
		{BBD66945-039C-468B-8E40-EDE93A8D6168}.Debug|Any CPU.ActiveCfg = Debug|Any CPU
		{BBD66945-039C-468B-8E40-EDE93A8D6168}.Debug|Any CPU.Build.0 = Debug|Any CPU
		{BBD66945-039C-468B-8E40-EDE93A8D6168}.Release|Any CPU.ActiveCfg = Release|Any CPU
		{BBD66945-039C-468B-8E40-EDE93A8D6168}.Release|Any CPU.Build.0 = Release|Any CPU
		{4B2E0046-91B8-43C0-B446-CA40C913E21C}.Debug|Any CPU.ActiveCfg = Debug|Any CPU
		{4B2E0046-91B8-43C0-B446-CA40C913E21C}.Debug|Any CPU.Build.0 = Debug|Any CPU
		{4B2E0046-91B8-43C0-B446-CA40C913E21C}.Release|Any CPU.ActiveCfg = Release|Any CPU
		{4B2E0046-91B8-43C0-B446-CA40C913E21C}.Release|Any CPU.Build.0 = Release|Any CPU
		{1A7D200C-1C66-4CCA-8BEC-3926B21B35DF}.Debug|Any CPU.ActiveCfg = Debug|Any CPU
		{1A7D200C-1C66-4CCA-8BEC-3926B21B35DF}.Debug|Any CPU.Build.0 = Debug|Any CPU
		{1A7D200C-1C66-4CCA-8BEC-3926B21B35DF}.Release|Any CPU.ActiveCfg = Release|Any CPU
		{1A7D200C-1C66-4CCA-8BEC-3926B21B35DF}.Release|Any CPU.Build.0 = Release|Any CPU
		{F99D38E5-76FB-4F03-B814-6670E38F2434}.Debug|Any CPU.ActiveCfg = Debug|Any CPU
		{F99D38E5-76FB-4F03-B814-6670E38F2434}.Debug|Any CPU.Build.0 = Debug|Any CPU
		{F99D38E5-76FB-4F03-B814-6670E38F2434}.Release|Any CPU.ActiveCfg = Release|Any CPU
		{F99D38E5-76FB-4F03-B814-6670E38F2434}.Release|Any CPU.Build.0 = Release|Any CPU
		{91A457A7-B1E7-4088-AD95-1827FE0D6CAD}.Debug|Any CPU.ActiveCfg = Debug|Any CPU
		{91A457A7-B1E7-4088-AD95-1827FE0D6CAD}.Debug|Any CPU.Build.0 = Debug|Any CPU
		{91A457A7-B1E7-4088-AD95-1827FE0D6CAD}.Release|Any CPU.ActiveCfg = Release|Any CPU
		{91A457A7-B1E7-4088-AD95-1827FE0D6CAD}.Release|Any CPU.Build.0 = Release|Any CPU
	EndGlobalSection
	GlobalSection(SolutionProperties) = preSolution
		HideSolutionNode = FALSE
	EndGlobalSection
	GlobalSection(NestedProjects) = preSolution
		{1F2EF7F6-1A3E-45AE-BD50-048D03E0498B} = {CCA438D8-EF9D-49E8-87EB-5253F9255BCC}
		{8C6730FA-2C69-4843-B707-2070119B8DD8} = {62CC7D20-F315-483E-BB9A-EFBBF7C3C594}
		{91A457A7-B1E7-4088-AD95-1827FE0D6CAD} = {62CC7D20-F315-483E-BB9A-EFBBF7C3C594}
		{528F33B2-7AAB-4090-AD84-635D1A1D502A} = {618B600A-E0FE-4D49-910A-993B8216978D}
		{5F4D716A-BAF3-4AD5-B7C1-EBD8E42212F9} = {20B4E55C-62AF-452C-A7F0-C2EF8FE43CBD}
		{2CF1715F-2AE6-496A-B7C2-1D908909C876} = {20B4E55C-62AF-452C-A7F0-C2EF8FE43CBD}
		{0546018C-D6FA-4EF8-BCBE-309A14E294B6} = {5F4D716A-BAF3-4AD5-B7C1-EBD8E42212F9}
		{1A80DD0B-CCD4-403E-8E56-2995B5F71B33} = {5F4D716A-BAF3-4AD5-B7C1-EBD8E42212F9}
		{1D1D1286-2271-4DBC-A5E3-5733674C8230} = {5F4D716A-BAF3-4AD5-B7C1-EBD8E42212F9}
		{BBD66945-039C-468B-8E40-EDE93A8D6168} = {5F4D716A-BAF3-4AD5-B7C1-EBD8E42212F9}
		{4B2E0046-91B8-43C0-B446-CA40C913E21C} = {5F4D716A-BAF3-4AD5-B7C1-EBD8E42212F9}
		{1A7D200C-1C66-4CCA-8BEC-3926B21B35DF} = {2CF1715F-2AE6-496A-B7C2-1D908909C876}
		{F99D38E5-76FB-4F03-B814-6670E38F2434} = {2CF1715F-2AE6-496A-B7C2-1D908909C876}
	EndGlobalSection
EndGlobal
